
Microsoft Visual Studio Solution File, Format Version 12.00
# Visual Studio Version 16
VisualStudioVersion = 16.0.31005.135
MinimumVisualStudioVersion = 10.0.40219.1
Project("{FAE04EC0-301F-11D3-BF4B-00C04F79EFBC}") = "Odev4.API", "Odev4.API\Odev4.API.csproj", "{6CFFD7D9-FBB2-46C6-8D3A-3326E5064231}"
EndProject
Global
	GlobalSection(SolutionConfigurationPlatforms) = preSolution
		Debug|Any CPU = Debug|Any CPU
		Release|Any CPU = Release|Any CPU
	EndGlobalSection
	GlobalSection(ProjectConfigurationPlatforms) = postSolution
		{6CFFD7D9-FBB2-46C6-8D3A-3326E5064231}.Debug|Any CPU.ActiveCfg = Debug|Any CPU
		{6CFFD7D9-FBB2-46C6-8D3A-3326E5064231}.Debug|Any CPU.Build.0 = Debug|Any CPU
		{6CFFD7D9-FBB2-46C6-8D3A-3326E5064231}.Release|Any CPU.ActiveCfg = Release|Any CPU
		{6CFFD7D9-FBB2-46C6-8D3A-3326E5064231}.Release|Any CPU.Build.0 = Release|Any CPU
	EndGlobalSection
	GlobalSection(SolutionProperties) = preSolution
		HideSolutionNode = FALSE
	EndGlobalSection
	GlobalSection(ExtensibilityGlobals) = postSolution
		SolutionGuid = {42A7BD83-F60D-4A91-B75B-392B80B0549C}
	EndGlobalSection
EndGlobal
