
Microsoft Visual Studio Solution File, Format Version 12.00
# Visual Studio Version 16
VisualStudioVersion = 16.0.30907.101
MinimumVisualStudioVersion = 10.0.40219.1
Project("{FAE04EC0-301F-11D3-BF4B-00C04F79EFBC}") = "FirstApp", "FirstApp\FirstApp.csproj", "{45E1779C-C8AF-4B42-848A-602E4E3C206A}"
EndProject
Global
	GlobalSection(SolutionConfigurationPlatforms) = preSolution
		Debug|Any CPU = Debug|Any CPU
		Release|Any CPU = Release|Any CPU
	EndGlobalSection
	GlobalSection(ProjectConfigurationPlatforms) = postSolution
		{45E1779C-C8AF-4B42-848A-602E4E3C206A}.Debug|Any CPU.ActiveCfg = Debug|Any CPU
		{45E1779C-C8AF-4B42-848A-602E4E3C206A}.Debug|Any CPU.Build.0 = Debug|Any CPU
		{45E1779C-C8AF-4B42-848A-602E4E3C206A}.Release|Any CPU.ActiveCfg = Release|Any CPU
		{45E1779C-C8AF-4B42-848A-602E4E3C206A}.Release|Any CPU.Build.0 = Release|Any CPU
	EndGlobalSection
	GlobalSection(SolutionProperties) = preSolution
		HideSolutionNode = FALSE
	EndGlobalSection
	GlobalSection(ExtensibilityGlobals) = postSolution
		SolutionGuid = {96411038-AE72-4DA1-B8CA-8633D43B5F1C}
	EndGlobalSection
EndGlobal
