
Microsoft Visual Studio Solution File, Format Version 12.00
# Visual Studio Version 16
VisualStudioVersion = 16.0.31019.35
MinimumVisualStudioVersion = 10.0.40219.1
Project("{FAE04EC0-301F-11D3-BF4B-00C04F79EFBC}") = "Week5.DapperAPI", "Week5.DapperAPI\Week5.DapperAPI.csproj", "{DD1C6432-C6B9-4BB0-8601-988F3423B7D3}"
EndProject
Global
	GlobalSection(SolutionConfigurationPlatforms) = preSolution
		Debug|Any CPU = Debug|Any CPU
		Release|Any CPU = Release|Any CPU
	EndGlobalSection
	GlobalSection(ProjectConfigurationPlatforms) = postSolution
		{DD1C6432-C6B9-4BB0-8601-988F3423B7D3}.Debug|Any CPU.ActiveCfg = Debug|Any CPU
		{DD1C6432-C6B9-4BB0-8601-988F3423B7D3}.Debug|Any CPU.Build.0 = Debug|Any CPU
		{DD1C6432-C6B9-4BB0-8601-988F3423B7D3}.Release|Any CPU.ActiveCfg = Release|Any CPU
		{DD1C6432-C6B9-4BB0-8601-988F3423B7D3}.Release|Any CPU.Build.0 = Release|Any CPU
	EndGlobalSection
	GlobalSection(SolutionProperties) = preSolution
		HideSolutionNode = FALSE
	EndGlobalSection
	GlobalSection(ExtensibilityGlobals) = postSolution
		SolutionGuid = {D999D144-D292-4C4E-9DC3-E3E41FAA90C1}
	EndGlobalSection
EndGlobal
