
Microsoft Visual Studio Solution File, Format Version 12.00
# Visual Studio Version 16
VisualStudioVersion = 16.0.31005.135
MinimumVisualStudioVersion = 10.0.40219.1
Project("{FAE04EC0-301F-11D3-BF4B-00C04F79EFBC}") = "Odev7.API", "Odev7.API\Odev7.API.csproj", "{D25758BF-DA27-4772-8A47-6EE8ED8FE527}"
EndProject
Global
	GlobalSection(SolutionConfigurationPlatforms) = preSolution
		Debug|Any CPU = Debug|Any CPU
		Release|Any CPU = Release|Any CPU
	EndGlobalSection
	GlobalSection(ProjectConfigurationPlatforms) = postSolution
		{D25758BF-DA27-4772-8A47-6EE8ED8FE527}.Debug|Any CPU.ActiveCfg = Debug|Any CPU
		{D25758BF-DA27-4772-8A47-6EE8ED8FE527}.Debug|Any CPU.Build.0 = Debug|Any CPU
		{D25758BF-DA27-4772-8A47-6EE8ED8FE527}.Release|Any CPU.ActiveCfg = Release|Any CPU
		{D25758BF-DA27-4772-8A47-6EE8ED8FE527}.Release|Any CPU.Build.0 = Release|Any CPU
	EndGlobalSection
	GlobalSection(SolutionProperties) = preSolution
		HideSolutionNode = FALSE
	EndGlobalSection
	GlobalSection(ExtensibilityGlobals) = postSolution
		SolutionGuid = {7D54D153-7277-4EEB-99A7-D6A18B4FDC7C}
	EndGlobalSection
EndGlobal
